
Microsoft Visual Studio Solution File, Format Version 12.00
# Visual Studio Version 16
VisualStudioVersion = 16.0.30413.136
MinimumVisualStudioVersion = 10.0.40219.1
Project("{FAE04EC0-301F-11D3-BF4B-00C04F79EFBC}") = "Cadastre_ORM_20", "Cadastre_ORM_20\Cadastre_ORM_20.csproj", "{DB268057-D698-4914-8369-4846DD17F9E4}"
EndProject
Project("{2150E333-8FDC-42A3-9474-1A3956D46DE8}") = "Tests", "Tests", "{8F753DCE-861F-427A-8F43-DC535FDAA4BB}"
EndProject
Project("{FAE04EC0-301F-11D3-BF4B-00C04F79EFBC}") = "Cadastre_ORM_20_WPF_Tests", "Tests\Cadastre_ORM_20_WPF_Tests\Cadastre_ORM_20_WPF_Tests.csproj", "{1914572C-B936-4C14-BBC7-B718363618BF}"
EndProject
Project("{FAE04EC0-301F-11D3-BF4B-00C04F79EFBC}") = "CadastreORMConsole_Tests", "Tests\CadastreORMConsole_Tests\CadastreORMConsole_Tests.csproj", "{8B2A1DE4-8B47-49B0-9594-5CF1C3943697}"
EndProject
Project("{2150E333-8FDC-42A3-9474-1A3956D46DE8}") = "Help", "Help", "{83C7B198-7140-4055-8C51-271A191A7DD1}"
	ProjectSection(SolutionItems) = preProject
		Help.html = Help.html
		Style.css = Style.css
	EndProjectSection
EndProject
Project("{9A19103F-16F7-4668-BE54-9A1E7A4F7556}") = "ClassLibrary", "ClassLibrary\ClassLibrary.csproj", "{EE829458-ADF2-4603-8134-12F72D2E8FB3}"
EndProject
Project("{FAE04EC0-301F-11D3-BF4B-00C04F79EFBC}") = "AppAutoCAD", "AppAutoCAD\AppAutoCAD.csproj", "{4334CA20-E987-4D07-A08E-960021A8971E}"
EndProject
Project("{FAE04EC0-301F-11D3-BF4B-00C04F79EFBC}") = "AppWord", "AppWord\AppWord.csproj", "{2E09A389-6BDE-4ADB-A45E-DCFEEF80E559}"
EndProject
Project("{2150E333-8FDC-42A3-9474-1A3956D46DE8}") = "!_TextPart", "!_TextPart", "{35A7388D-F61A-499F-8A8C-9CAA89BF9ABF}"
	ProjectSection(SolutionItems) = preProject
		!_TextPart\Ведомости пример.docx = !_TextPart\Ведомости пример.docx
		!_TextPart\Дипломный проект - Конопелько Д.Н..doc = !_TextPart\Дипломный проект - Конопелько Д.Н..doc
		!_TextPart\Описание Баланс.pdf = !_TextPart\Описание Баланс.pdf
	EndProjectSection
EndProject
Project("{2150E333-8FDC-42A3-9474-1A3956D46DE8}") = "Model", "Model", "{F6E6AD4E-9E7A-4079-9179-878BB801F2F5}"
	ProjectSection(SolutionItems) = preProject
		Model\Kadastr_ORM.uml = Model\Kadastr_ORM.uml
		Model\Kadastr_ORM_New.uml = Model\Kadastr_ORM_New.uml
	EndProjectSection
EndProject
Project("{2150E333-8FDC-42A3-9474-1A3956D46DE8}") = "Schemes", "Schemes", "{A4E3FA63-9DC4-4DA9-B140-3FA3EDB63EBF}"
	ProjectSection(SolutionItems) = preProject
		!_TextPart\Schemes\Дипломное проектирование.vssx = !_TextPart\Schemes\Дипломное проектирование.vssx
		!_TextPart\Schemes\Приложение Б Диаграмма 1 Схема работы программы.vsdx = !_TextPart\Schemes\Приложение Б Диаграмма 1 Схема работы программы.vsdx
		!_TextPart\Schemes\Приложение Б Диаграмма 2 Схема ресурсов системы.vsdx = !_TextPart\Schemes\Приложение Б Диаграмма 2 Схема ресурсов системы.vsdx
	EndProjectSection
EndProject
Global
	GlobalSection(SolutionConfigurationPlatforms) = preSolution
		Debug|Any CPU = Debug|Any CPU
		Release|Any CPU = Release|Any CPU
	EndGlobalSection
	GlobalSection(ProjectConfigurationPlatforms) = postSolution
		{DB268057-D698-4914-8369-4846DD17F9E4}.Debug|Any CPU.ActiveCfg = Debug|Any CPU
		{DB268057-D698-4914-8369-4846DD17F9E4}.Debug|Any CPU.Build.0 = Debug|Any CPU
		{DB268057-D698-4914-8369-4846DD17F9E4}.Release|Any CPU.ActiveCfg = Release|Any CPU
		{DB268057-D698-4914-8369-4846DD17F9E4}.Release|Any CPU.Build.0 = Release|Any CPU
		{1914572C-B936-4C14-BBC7-B718363618BF}.Debug|Any CPU.ActiveCfg = Debug|Any CPU
		{1914572C-B936-4C14-BBC7-B718363618BF}.Debug|Any CPU.Build.0 = Debug|Any CPU
		{1914572C-B936-4C14-BBC7-B718363618BF}.Release|Any CPU.ActiveCfg = Release|Any CPU
		{1914572C-B936-4C14-BBC7-B718363618BF}.Release|Any CPU.Build.0 = Release|Any CPU
		{8B2A1DE4-8B47-49B0-9594-5CF1C3943697}.Debug|Any CPU.ActiveCfg = Debug|Any CPU
		{8B2A1DE4-8B47-49B0-9594-5CF1C3943697}.Debug|Any CPU.Build.0 = Debug|Any CPU
		{8B2A1DE4-8B47-49B0-9594-5CF1C3943697}.Release|Any CPU.ActiveCfg = Release|Any CPU
		{8B2A1DE4-8B47-49B0-9594-5CF1C3943697}.Release|Any CPU.Build.0 = Release|Any CPU
		{EE829458-ADF2-4603-8134-12F72D2E8FB3}.Debug|Any CPU.ActiveCfg = Debug|Any CPU
		{EE829458-ADF2-4603-8134-12F72D2E8FB3}.Debug|Any CPU.Build.0 = Debug|Any CPU
		{EE829458-ADF2-4603-8134-12F72D2E8FB3}.Release|Any CPU.ActiveCfg = Release|Any CPU
		{EE829458-ADF2-4603-8134-12F72D2E8FB3}.Release|Any CPU.Build.0 = Release|Any CPU
		{4334CA20-E987-4D07-A08E-960021A8971E}.Debug|Any CPU.ActiveCfg = Debug|Any CPU
		{4334CA20-E987-4D07-A08E-960021A8971E}.Debug|Any CPU.Build.0 = Debug|Any CPU
		{4334CA20-E987-4D07-A08E-960021A8971E}.Release|Any CPU.ActiveCfg = Release|Any CPU
		{4334CA20-E987-4D07-A08E-960021A8971E}.Release|Any CPU.Build.0 = Release|Any CPU
		{2E09A389-6BDE-4ADB-A45E-DCFEEF80E559}.Debug|Any CPU.ActiveCfg = Debug|Any CPU
		{2E09A389-6BDE-4ADB-A45E-DCFEEF80E559}.Debug|Any CPU.Build.0 = Debug|Any CPU
		{2E09A389-6BDE-4ADB-A45E-DCFEEF80E559}.Release|Any CPU.ActiveCfg = Release|Any CPU
		{2E09A389-6BDE-4ADB-A45E-DCFEEF80E559}.Release|Any CPU.Build.0 = Release|Any CPU
	EndGlobalSection
	GlobalSection(SolutionProperties) = preSolution
		HideSolutionNode = FALSE
	EndGlobalSection
	GlobalSection(NestedProjects) = preSolution
		{1914572C-B936-4C14-BBC7-B718363618BF} = {8F753DCE-861F-427A-8F43-DC535FDAA4BB}
		{8B2A1DE4-8B47-49B0-9594-5CF1C3943697} = {8F753DCE-861F-427A-8F43-DC535FDAA4BB}
		{A4E3FA63-9DC4-4DA9-B140-3FA3EDB63EBF} = {35A7388D-F61A-499F-8A8C-9CAA89BF9ABF}
	EndGlobalSection
	GlobalSection(ExtensibilityGlobals) = postSolution
		SolutionGuid = {A14D6FFC-A856-4A60-B934-E40957E411D8}
	EndGlobalSection
EndGlobal
