
Microsoft Visual Studio Solution File, Format Version 12.00
# Visual Studio Version 16
VisualStudioVersion = 16.0.30413.136
MinimumVisualStudioVersion = 10.0.40219.1
Project("{FAE04EC0-301F-11D3-BF4B-00C04F79EFBC}") = "Cadastre_ORM_20", "Cadastre_ORM_20\Cadastre_ORM_20.csproj", "{DB268057-D698-4914-8369-4846DD17F9E4}"
EndProject
Project("{2150E333-8FDC-42A3-9474-1A3956D46DE8}") = "Tests", "Tests", "{8F753DCE-861F-427A-8F43-DC535FDAA4BB}"
EndProject
Project("{FAE04EC0-301F-11D3-BF4B-00C04F79EFBC}") = "Cadastre_ORM_20_WPF_Tests", "Tests\Cadastre_ORM_20_WPF_Tests\Cadastre_ORM_20_WPF_Tests.csproj", "{1914572C-B936-4C14-BBC7-B718363618BF}"
EndProject
Project("{FAE04EC0-301F-11D3-BF4B-00C04F79EFBC}") = "CadastreORMConsole_Tests", "Tests\CadastreORMConsole_Tests\CadastreORMConsole_Tests.csproj", "{8B2A1DE4-8B47-49B0-9594-5CF1C3943697}"
EndProject
Project("{54435603-DBB4-11D2-8724-00A0C9A8B90C}") = "Setup_Cadastre_ORM", "Setup_Cadastre_ORM\Setup_Cadastre_ORM.vdproj", "{3E55350A-3BC0-4E66-BCC4-D2201066CB01}"
EndProject
Project("{2150E333-8FDC-42A3-9474-1A3956D46DE8}") = "Help", "Help", "{83C7B198-7140-4055-8C51-271A191A7DD1}"
EndProject
Project("{2150E333-8FDC-42A3-9474-1A3956D46DE8}") = "Model", "Model", "{EEDF83DE-23AE-4344-AC8D-CBCC7B5C6B07}"
	ProjectSection(SolutionItems) = preProject
		..\..\OneDrive\Proekt-Dorog\!_Учеба\Дипломный проект\Kadastr_ORM.uml = ..\..\OneDrive\Proekt-Dorog\!_Учеба\Дипломный проект\Kadastr_ORM.uml
		..\..\OneDrive\Proekt-Dorog\!_Учеба\Дипломный проект\Дипломный проект - Конопелько Д.Н..docx = ..\..\OneDrive\Proekt-Dorog\!_Учеба\Дипломный проект\Дипломный проект - Конопелько Д.Н..docx
		..\..\OneDrive\Proekt-Dorog\!_Учеба\Дипломный проект\Приложения\Приложение Б Диаграмма 1 Схема работы программы.vsdx = ..\..\OneDrive\Proekt-Dorog\!_Учеба\Дипломный проект\Приложения\Приложение Б Диаграмма 1 Схема работы программы.vsdx
		..\..\OneDrive\Proekt-Dorog\!_Учеба\Дипломный проект\Приложения\Приложение Б Диаграмма 2 Схема ресурсов системы.vsdx = ..\..\OneDrive\Proekt-Dorog\!_Учеба\Дипломный проект\Приложения\Приложение Б Диаграмма 2 Схема ресурсов системы.vsdx
	EndProjectSection
EndProject
Global
	GlobalSection(SolutionConfigurationPlatforms) = preSolution
		Debug|Any CPU = Debug|Any CPU
		Release|Any CPU = Release|Any CPU
	EndGlobalSection
	GlobalSection(ProjectConfigurationPlatforms) = postSolution
		{DB268057-D698-4914-8369-4846DD17F9E4}.Debug|Any CPU.ActiveCfg = Debug|Any CPU
		{DB268057-D698-4914-8369-4846DD17F9E4}.Debug|Any CPU.Build.0 = Debug|Any CPU
		{DB268057-D698-4914-8369-4846DD17F9E4}.Release|Any CPU.ActiveCfg = Release|Any CPU
		{DB268057-D698-4914-8369-4846DD17F9E4}.Release|Any CPU.Build.0 = Release|Any CPU
		{1914572C-B936-4C14-BBC7-B718363618BF}.Debug|Any CPU.ActiveCfg = Debug|Any CPU
		{1914572C-B936-4C14-BBC7-B718363618BF}.Debug|Any CPU.Build.0 = Debug|Any CPU
		{1914572C-B936-4C14-BBC7-B718363618BF}.Release|Any CPU.ActiveCfg = Release|Any CPU
		{1914572C-B936-4C14-BBC7-B718363618BF}.Release|Any CPU.Build.0 = Release|Any CPU
		{8B2A1DE4-8B47-49B0-9594-5CF1C3943697}.Debug|Any CPU.ActiveCfg = Debug|Any CPU
		{8B2A1DE4-8B47-49B0-9594-5CF1C3943697}.Debug|Any CPU.Build.0 = Debug|Any CPU
		{8B2A1DE4-8B47-49B0-9594-5CF1C3943697}.Release|Any CPU.ActiveCfg = Release|Any CPU
		{8B2A1DE4-8B47-49B0-9594-5CF1C3943697}.Release|Any CPU.Build.0 = Release|Any CPU
		{3E55350A-3BC0-4E66-BCC4-D2201066CB01}.Debug|Any CPU.ActiveCfg = Debug
		{3E55350A-3BC0-4E66-BCC4-D2201066CB01}.Release|Any CPU.ActiveCfg = Release
	EndGlobalSection
	GlobalSection(SolutionProperties) = preSolution
		HideSolutionNode = FALSE
	EndGlobalSection
	GlobalSection(NestedProjects) = preSolution
		{1914572C-B936-4C14-BBC7-B718363618BF} = {8F753DCE-861F-427A-8F43-DC535FDAA4BB}
		{8B2A1DE4-8B47-49B0-9594-5CF1C3943697} = {8F753DCE-861F-427A-8F43-DC535FDAA4BB}
		{3E55350A-3BC0-4E66-BCC4-D2201066CB01} = {8F753DCE-861F-427A-8F43-DC535FDAA4BB}
	EndGlobalSection
	GlobalSection(ExtensibilityGlobals) = postSolution
		SolutionGuid = {A14D6FFC-A856-4A60-B934-E40957E411D8}
	EndGlobalSection
EndGlobal
