
Microsoft Visual Studio Solution File, Format Version 12.00
# Visual Studio Version 16
VisualStudioVersion = 16.0.30413.136
MinimumVisualStudioVersion = 10.0.40219.1
Project("{FAE04EC0-301F-11D3-BF4B-00C04F79EFBC}") = "Cadastre_ORM_20", "Cadastre_ORM_20\Cadastre_ORM_20.csproj", "{DB268057-D698-4914-8369-4846DD17F9E4}"
EndProject
Project("{2150E333-8FDC-42A3-9474-1A3956D46DE8}") = "Tests", "Tests", "{8F753DCE-861F-427A-8F43-DC535FDAA4BB}"
EndProject
Project("{FAE04EC0-301F-11D3-BF4B-00C04F79EFBC}") = "Cadastre_ORM_20_WPF_Tests", "Tests\Cadastre_ORM_20_WPF_Tests\Cadastre_ORM_20_WPF_Tests.csproj", "{1914572C-B936-4C14-BBC7-B718363618BF}"
EndProject
Project("{FAE04EC0-301F-11D3-BF4B-00C04F79EFBC}") = "CadastreORMConsole_Tests", "Tests\CadastreORMConsole_Tests\CadastreORMConsole_Tests.csproj", "{8B2A1DE4-8B47-49B0-9594-5CF1C3943697}"
EndProject
Project("{54435603-DBB4-11D2-8724-00A0C9A8B90C}") = "Setup_Cadastre_ORM", "Setup_Cadastre_ORM\Setup_Cadastre_ORM.vdproj", "{3E55350A-3BC0-4E66-BCC4-D2201066CB01}"
EndProject
Project("{FAE04EC0-301F-11D3-BF4B-00C04F79EFBC}") = "ORM_ClassLibrary", "..\..\OneDrive\Proekt-Dorog\!_Учеба\Дипломный проект\Решения\ClassesModel\ORM_ClassLibrary\ORM_ClassLibrary.csproj", "{2ABC9A54-D582-40EE-902D-F0B63D1092A6}"
EndProject
Global
	GlobalSection(SolutionConfigurationPlatforms) = preSolution
		Debug|Any CPU = Debug|Any CPU
		Release|Any CPU = Release|Any CPU
	EndGlobalSection
	GlobalSection(ProjectConfigurationPlatforms) = postSolution
		{DB268057-D698-4914-8369-4846DD17F9E4}.Debug|Any CPU.ActiveCfg = Debug|Any CPU
		{DB268057-D698-4914-8369-4846DD17F9E4}.Debug|Any CPU.Build.0 = Debug|Any CPU
		{DB268057-D698-4914-8369-4846DD17F9E4}.Release|Any CPU.ActiveCfg = Release|Any CPU
		{DB268057-D698-4914-8369-4846DD17F9E4}.Release|Any CPU.Build.0 = Release|Any CPU
		{1914572C-B936-4C14-BBC7-B718363618BF}.Debug|Any CPU.ActiveCfg = Debug|Any CPU
		{1914572C-B936-4C14-BBC7-B718363618BF}.Debug|Any CPU.Build.0 = Debug|Any CPU
		{1914572C-B936-4C14-BBC7-B718363618BF}.Release|Any CPU.ActiveCfg = Release|Any CPU
		{1914572C-B936-4C14-BBC7-B718363618BF}.Release|Any CPU.Build.0 = Release|Any CPU
		{8B2A1DE4-8B47-49B0-9594-5CF1C3943697}.Debug|Any CPU.ActiveCfg = Debug|Any CPU
		{8B2A1DE4-8B47-49B0-9594-5CF1C3943697}.Debug|Any CPU.Build.0 = Debug|Any CPU
		{8B2A1DE4-8B47-49B0-9594-5CF1C3943697}.Release|Any CPU.ActiveCfg = Release|Any CPU
		{8B2A1DE4-8B47-49B0-9594-5CF1C3943697}.Release|Any CPU.Build.0 = Release|Any CPU
		{3E55350A-3BC0-4E66-BCC4-D2201066CB01}.Debug|Any CPU.ActiveCfg = Debug
		{3E55350A-3BC0-4E66-BCC4-D2201066CB01}.Release|Any CPU.ActiveCfg = Release
		{2ABC9A54-D582-40EE-902D-F0B63D1092A6}.Debug|Any CPU.ActiveCfg = Debug|Any CPU
		{2ABC9A54-D582-40EE-902D-F0B63D1092A6}.Debug|Any CPU.Build.0 = Debug|Any CPU
		{2ABC9A54-D582-40EE-902D-F0B63D1092A6}.Release|Any CPU.ActiveCfg = Release|Any CPU
		{2ABC9A54-D582-40EE-902D-F0B63D1092A6}.Release|Any CPU.Build.0 = Release|Any CPU
	EndGlobalSection
	GlobalSection(SolutionProperties) = preSolution
		HideSolutionNode = FALSE
	EndGlobalSection
	GlobalSection(NestedProjects) = preSolution
		{1914572C-B936-4C14-BBC7-B718363618BF} = {8F753DCE-861F-427A-8F43-DC535FDAA4BB}
		{8B2A1DE4-8B47-49B0-9594-5CF1C3943697} = {8F753DCE-861F-427A-8F43-DC535FDAA4BB}
		{3E55350A-3BC0-4E66-BCC4-D2201066CB01} = {8F753DCE-861F-427A-8F43-DC535FDAA4BB}
	EndGlobalSection
	GlobalSection(ExtensibilityGlobals) = postSolution
		SolutionGuid = {A14D6FFC-A856-4A60-B934-E40957E411D8}
	EndGlobalSection
EndGlobal
